
Microsoft Visual Studio Solution File, Format Version 12.00
# Visual Studio Version 17
VisualStudioVersion = 17.6.33815.320
MinimumVisualStudioVersion = 10.0.40219.1
Project("{FAE04EC0-301F-11D3-BF4B-00C04F79EFBC}") = "szorzotabla", "dzorzotabla\szorzotabla.csproj", "{BCE2D52D-83DA-43D6-953B-E341DB669882}"
EndProject
Project("{9A19103F-16F7-4668-BE54-9A1E7A4F7556}") = "fibonacci", "fibonacci\fibonacci.csproj", "{95717B98-6884-4975-A599-983C6CA40B01}"
EndProject
Project("{9A19103F-16F7-4668-BE54-9A1E7A4F7556}") = "pascal", "pascal\pascal.csproj", "{36174378-0E0D-4A6A-9E9C-9401BD49BE09}"
EndProject
Project("{FAE04EC0-301F-11D3-BF4B-00C04F79EFBC}") = "3_het", "WinFormsApp1\3_het.csproj", "{81674B82-FCFA-4E18-90AA-F69F92463F9F}"
EndProject
Global
	GlobalSection(SolutionConfigurationPlatforms) = preSolution
		Debug|Any CPU = Debug|Any CPU
		Release|Any CPU = Release|Any CPU
	EndGlobalSection
	GlobalSection(ProjectConfigurationPlatforms) = postSolution
		{BCE2D52D-83DA-43D6-953B-E341DB669882}.Debug|Any CPU.ActiveCfg = Debug|Any CPU
		{BCE2D52D-83DA-43D6-953B-E341DB669882}.Debug|Any CPU.Build.0 = Debug|Any CPU
		{BCE2D52D-83DA-43D6-953B-E341DB669882}.Release|Any CPU.ActiveCfg = Release|Any CPU
		{BCE2D52D-83DA-43D6-953B-E341DB669882}.Release|Any CPU.Build.0 = Release|Any CPU
		{95717B98-6884-4975-A599-983C6CA40B01}.Debug|Any CPU.ActiveCfg = Debug|Any CPU
		{95717B98-6884-4975-A599-983C6CA40B01}.Debug|Any CPU.Build.0 = Debug|Any CPU
		{95717B98-6884-4975-A599-983C6CA40B01}.Release|Any CPU.ActiveCfg = Release|Any CPU
		{95717B98-6884-4975-A599-983C6CA40B01}.Release|Any CPU.Build.0 = Release|Any CPU
		{36174378-0E0D-4A6A-9E9C-9401BD49BE09}.Debug|Any CPU.ActiveCfg = Debug|Any CPU
		{36174378-0E0D-4A6A-9E9C-9401BD49BE09}.Debug|Any CPU.Build.0 = Debug|Any CPU
		{36174378-0E0D-4A6A-9E9C-9401BD49BE09}.Release|Any CPU.ActiveCfg = Release|Any CPU
		{36174378-0E0D-4A6A-9E9C-9401BD49BE09}.Release|Any CPU.Build.0 = Release|Any CPU
		{81674B82-FCFA-4E18-90AA-F69F92463F9F}.Debug|Any CPU.ActiveCfg = Debug|Any CPU
		{81674B82-FCFA-4E18-90AA-F69F92463F9F}.Debug|Any CPU.Build.0 = Debug|Any CPU
		{81674B82-FCFA-4E18-90AA-F69F92463F9F}.Release|Any CPU.ActiveCfg = Release|Any CPU
		{81674B82-FCFA-4E18-90AA-F69F92463F9F}.Release|Any CPU.Build.0 = Release|Any CPU
	EndGlobalSection
	GlobalSection(SolutionProperties) = preSolution
		HideSolutionNode = FALSE
	EndGlobalSection
	GlobalSection(ExtensibilityGlobals) = postSolution
		SolutionGuid = {FD9ACA6E-E90F-4F88-96F8-5E965E5C2A7B}
	EndGlobalSection
EndGlobal
